
Microsoft Visual Studio Solution File, Format Version 12.00
# Visual Studio Version 16
VisualStudioVersion = 16.0.30114.105
MinimumVisualStudioVersion = 10.0.40219.1
Project("{FAE04EC0-301F-11D3-BF4B-00C04F79EFBC}") = "RomanNumeralsKata", "RomanNumeralsKata\RomanNumeralsKata.csproj", "{5769A8B7-A4DC-4645-9954-95C01BE09EC7}"
EndProject
Project("{FAE04EC0-301F-11D3-BF4B-00C04F79EFBC}") = "RomanNumeralsKata.Tests", "RomanNumeralsKata.Tests\RomanNumeralsKata.Tests.csproj", "{AB28CC96-C353-444C-8F56-90B756A595E7}"
EndProject
Global
	GlobalSection(SolutionConfigurationPlatforms) = preSolution
		Debug|Any CPU = Debug|Any CPU
		Release|Any CPU = Release|Any CPU
	EndGlobalSection
	GlobalSection(SolutionProperties) = preSolution
		HideSolutionNode = FALSE
	EndGlobalSection
	GlobalSection(ProjectConfigurationPlatforms) = postSolution
		{5769A8B7-A4DC-4645-9954-95C01BE09EC7}.Debug|Any CPU.ActiveCfg = Debug|Any CPU
		{5769A8B7-A4DC-4645-9954-95C01BE09EC7}.Debug|Any CPU.Build.0 = Debug|Any CPU
		{5769A8B7-A4DC-4645-9954-95C01BE09EC7}.Release|Any CPU.ActiveCfg = Release|Any CPU
		{5769A8B7-A4DC-4645-9954-95C01BE09EC7}.Release|Any CPU.Build.0 = Release|Any CPU
		{AB28CC96-C353-444C-8F56-90B756A595E7}.Debug|Any CPU.ActiveCfg = Debug|Any CPU
		{AB28CC96-C353-444C-8F56-90B756A595E7}.Debug|Any CPU.Build.0 = Debug|Any CPU
		{AB28CC96-C353-444C-8F56-90B756A595E7}.Release|Any CPU.ActiveCfg = Release|Any CPU
		{AB28CC96-C353-444C-8F56-90B756A595E7}.Release|Any CPU.Build.0 = Release|Any CPU
	EndGlobalSection
EndGlobal
